
Microsoft Visual Studio Solution File, Format Version 12.00
# Visual Studio Version 16
VisualStudioVersion = 16.0.29409.12
MinimumVisualStudioVersion = 10.0.40219.1
Project("{FAE04EC0-301F-11D3-BF4B-00C04F79EFBC}") = "GSI-Software", "GSI-Software\GSI-Software.csproj", "{91CE1D3D-0C12-44B0-A8F8-138B65362048}"
EndProject
Global
	GlobalSection(SolutionConfigurationPlatforms) = preSolution
		Debug|Any CPU = Debug|Any CPU
		Release|Any CPU = Release|Any CPU
	EndGlobalSection
	GlobalSection(ProjectConfigurationPlatforms) = postSolution
		{91CE1D3D-0C12-44B0-A8F8-138B65362048}.Debug|Any CPU.ActiveCfg = Debug|Any CPU
		{91CE1D3D-0C12-44B0-A8F8-138B65362048}.Debug|Any CPU.Build.0 = Debug|Any CPU
		{91CE1D3D-0C12-44B0-A8F8-138B65362048}.Release|Any CPU.ActiveCfg = Release|Any CPU
		{91CE1D3D-0C12-44B0-A8F8-138B65362048}.Release|Any CPU.Build.0 = Release|Any CPU
	EndGlobalSection
	GlobalSection(SolutionProperties) = preSolution
		HideSolutionNode = FALSE
	EndGlobalSection
	GlobalSection(ExtensibilityGlobals) = postSolution
		SolutionGuid = {961F6F98-DD1D-47C0-BC23-786ED6BA8213}
	EndGlobalSection
EndGlobal
